// !$*UTF8*$!
{
	archiveVersion = 1;
	classes = {
	};
	objectVersion = 46;
	objects = {

/* Begin PBXBuildFile section */
		A5E7BDC11EC4308B00C62CE0 /* AppDelegate.swift in Sources */ = {isa = PBXBuildFile; fileRef = A5E7BDC01EC4308B00C62CE0 /* AppDelegate.swift */; };
		A5E7BDC31EC4308B00C62CE0 /* ViewController.swift in Sources */ = {isa = PBXBuildFile; fileRef = A5E7BDC21EC4308B00C62CE0 /* ViewController.swift */; };
		A5E7BDC61EC4308B00C62CE0 /* Main.storyboard in Resources */ = {isa = PBXBuildFile; fileRef = A5E7BDC41EC4308B00C62CE0 /* Main.storyboard */; };
		A5E7BDC81EC4308B00C62CE0 /* Assets.xcassets in Resources */ = {isa = PBXBuildFile; fileRef = A5E7BDC71EC4308B00C62CE0 /* Assets.xcassets */; };
		A5E7BDCB1EC4308B00C62CE0 /* LaunchScreen.storyboard in Resources */ = {isa = PBXBuildFile; fileRef = A5E7BDC91EC4308B00C62CE0 /* LaunchScreen.storyboard */; };
		A5E7BDD41EC4374C00C62CE0 /* Model.xcdatamodeld in Sources */ = {isa = PBXBuildFile; fileRef = A5E7BDD21EC4374C00C62CE0 /* Model.xcdatamodeld */; };
/* End PBXBuildFile section */

/* Begin PBXFileReference section */
		A5E7BDBD1EC4308B00C62CE0 /* VirtualTourist.app */ = {isa = PBXFileReference; explicitFileType = wrapper.application; includeInIndex = 0; path = VirtualTourist.app; sourceTree = BUILT_PRODUCTS_DIR; };
		A5E7BDC01EC4308B00C62CE0 /* AppDelegate.swift */ = {isa = PBXFileReference; lastKnownFileType = sourcecode.swift; path = AppDelegate.swift; sourceTree = "<group>"; };
		A5E7BDC21EC4308B00C62CE0 /* ViewController.swift */ = {isa = PBXFileReference; lastKnownFileType = sourcecode.swift; path = ViewController.swift; sourceTree = "<group>"; };
		A5E7BDC51EC4308B00C62CE0 /* Base */ = {isa = PBXFileReference; lastKnownFileType = file.storyboard; name = Base; path = Base.lproj/Main.storyboard; sourceTree = "<group>"; };
		A5E7BDC71EC4308B00C62CE0 /* Assets.xcassets */ = {isa = PBXFileReference; lastKnownFileType = folder.assetcatalog; path = Assets.xcassets; sourceTree = "<group>"; };
		A5E7BDCA1EC4308B00C62CE0 /* Base */ = {isa = PBXFileReference; lastKnownFileType = file.storyboard; name = Base; path = Base.lproj/LaunchScreen.storyboard; sourceTree = "<group>"; };
		A5E7BDCC1EC4308B00C62CE0 /* Info.plist */ = {isa = PBXFileReference; lastKnownFileType = text.plist.xml; path = Info.plist; sourceTree = "<group>"; };
		A5E7BDD31EC4374C00C62CE0 /* Model.xcdatamodel */ = {isa = PBXFileReference; lastKnownFileType = wrapper.xcdatamodel; path = Model.xcdatamodel; sourceTree = "<group>"; };
/* End PBXFileReference section */

/* Begin PBXFrameworksBuildPhase section */
		A5E7BDBA1EC4308B00C62CE0 /* Frameworks */ = {
			isa = PBXFrameworksBuildPhase;
			buildActionMask = 2147483647;
			files = (
			);
			runOnlyForDeploymentPostprocessing = 0;
		};
/* End PBXFrameworksBuildPhase section */

/* Begin PBXGroup section */
		A5E7BDB41EC4308B00C62CE0 = {
			isa = PBXGroup;
			children = (
				A5E7BDBF1EC4308B00C62CE0 /* VirtualTourist */,
				A5E7BDBE1EC4308B00C62CE0 /* Products */,
			);
			sourceTree = "<group>";
		};
		A5E7BDBE1EC4308B00C62CE0 /* Products */ = {
			isa = PBXGroup;
			children = (
				A5E7BDBD1EC4308B00C62CE0 /* VirtualTourist.app */,
			);
			name = Products;
			sourceTree = "<group>";
		};
		A5E7BDBF1EC4308B00C62CE0 /* VirtualTourist */ = {
			isa = PBXGroup;
			children = (
				A5E7BDC01EC4308B00C62CE0 /* AppDelegate.swift */,
				A5E7BDC21EC4308B00C62CE0 /* ViewController.swift */,
				A5E7BDC41EC4308B00C62CE0 /* Main.storyboard */,
				A5E7BDC71EC4308B00C62CE0 /* Assets.xcassets */,
				A5E7BDC91EC4308B00C62CE0 /* LaunchScreen.storyboard */,
				A5E7BDCC1EC4308B00C62CE0 /* Info.plist */,
				A5E7BDD21EC4374C00C62CE0 /* Model.xcdatamodeld */,
			);
			path = VirtualTourist;
			sourceTree = "<group>";
		};
/* End PBXGroup section */

/* Begin PBXNativeTarget section */
		A5E7BDBC1EC4308B00C62CE0 /* VirtualTourist */ = {
			isa = PBXNativeTarget;
			buildConfigurationList = A5E7BDCF1EC4308B00C62CE0 /* Build configuration list for PBXNativeTarget "VirtualTourist" */;
			buildPhases = (
				A5E7BDB91EC4308B00C62CE0 /* Sources */,
				A5E7BDBA1EC4308B00C62CE0 /* Frameworks */,
				A5E7BDBB1EC4308B00C62CE0 /* Resources */,
			);
			buildRules = (
			);
			dependencies = (
			);
			name = VirtualTourist;
			productName = VirtualTourist;
			productReference = A5E7BDBD1EC4308B00C62CE0 /* VirtualTourist.app */;
			productType = "com.apple.product-type.application";
		};
/* End PBXNativeTarget section */

/* Begin PBXProject section */
		A5E7BDB51EC4308B00C62CE0 /* Project object */ = {
			isa = PBXProject;
			attributes = {
				LastSwiftUpdateCheck = 0830;
				LastUpgradeCheck = 0830;
				ORGANIZATIONNAME = "Chris Leung";
				TargetAttributes = {
					A5E7BDBC1EC4308B00C62CE0 = {
						CreatedOnToolsVersion = 8.3.2;
						DevelopmentTeam = XKM44UF8A2;
						ProvisioningStyle = Automatic;
					};
				};
			};
			buildConfigurationList = A5E7BDB81EC4308B00C62CE0 /* Build configuration list for PBXProject "VirtualTourist" */;
			compatibilityVersion = "Xcode 3.2";
			developmentRegion = English;
			hasScannedForEncodings = 0;
			knownRegions = (
				en,
				Base,
			);
			mainGroup = A5E7BDB41EC4308B00C62CE0;
			productRefGroup = A5E7BDBE1EC4308B00C62CE0 /* Products */;
			projectDirPath = "";
			projectRoot = "";
			targets = (
				A5E7BDBC1EC4308B00C62CE0 /* VirtualTourist */,
			);
		};
/* End PBXProject section */

/* Begin PBXResourcesBuildPhase section */
		A5E7BDBB1EC4308B00C62CE0 /* Resources */ = {
			isa = PBXResourcesBuildPhase;
			buildActionMask = 2147483647;
			files = (
				A5E7BDCB1EC4308B00C62CE0 /* LaunchScreen.storyboard in Resources */,
				A5E7BDC81EC4308B00C62CE0 /* Assets.xcassets in Resources */,
				A5E7BDC61EC4308B00C62CE0 /* Main.storyboard in Resources */,
			);
			runOnlyForDeploymentPostprocessing = 0;
		};
/* End PBXResourcesBuildPhase section */

/* Begin PBXSourcesBuildPhase section */
		A5E7BDB91EC4308B00C62CE0 /* Sources */ = {
			isa = PBXSourcesBuildPhase;
			buildActionMask = 2147483647;
			files = (
				A5E7BDC31EC4308B00C62CE0 /* ViewController.swift in Sources */,
				A5E7BDC11EC4308B00C62CE0 /* AppDelegate.swift in Sources */,
				A5E7BDD41EC4374C00C62CE0 /* Model.xcdatamodeld in Sources */,
			);
			runOnlyForDeploymentPostprocessing = 0;
		};
/* End PBXSourcesBuildPhase section */

/* Begin PBXVariantGroup section */
		A5E7BDC41EC4308B00C62CE0 /* Main.storyboard */ = {
			isa = PBXVariantGroup;
			children = (
				A5E7BDC51EC4308B00C62CE0 /* Base */,
			);
			name = Main.storyboard;
			sourceTree = "<group>";
		};
		A5E7BDC91EC4308B00C62CE0 /* LaunchScreen.storyboard */ = {
			isa = PBXVariantGroup;
			children = (
				A5E7BDCA1EC4308B00C62CE0 /* Base */,
			);
			name = LaunchScreen.storyboard;
			sourceTree = "<group>";
		};
/* End PBXVariantGroup section */

/* Begin XCBuildConfiguration section */
		A5E7BDCD1EC4308B00C62CE0 /* Debug */ = {
			isa = XCBuildConfiguration;
			buildSettings = {
				ALWAYS_SEARCH_USER_PATHS = NO;
				CLANG_ANALYZER_NONNULL = YES;
				CLANG_ANALYZER_NUMBER_OBJECT_CONVERSION = YES_AGGRESSIVE;
				CLANG_CXX_LANGUAGE_STANDARD = "gnu++0x";
				CLANG_CXX_LIBRARY = "libc++";
				CLANG_ENABLE_MODULES = YES;
				CLANG_ENABLE_OBJC_ARC = YES;
				CLANG_WARN_BOOL_CONVERSION = YES;
				CLANG_WARN_CONSTANT_CONVERSION = YES;
				CLANG_WARN_DIRECT_OBJC_ISA_USAGE = YES_ERROR;
				CLANG_WARN_DOCUMENTATION_COMMENTS = YES;
				CLANG_WARN_EMPTY_BODY = YES;
				CLANG_WARN_ENUM_CONVERSION = YES;
				CLANG_WARN_INFINITE_RECURSION = YES;
				CLANG_WARN_INT_CONVERSION = YES;
				CLANG_WARN_OBJC_ROOT_CLASS = YES_ERROR;
				CLANG_WARN_SUSPICIOUS_MOVE = YES;
				CLANG_WARN_UNREACHABLE_CODE = YES;
				CLANG_WARN__DUPLICATE_METHOD_MATCH = YES;
				"CODE_SIGN_IDENTITY[sdk=iphoneos*]" = "iPhone Developer";
				COPY_PHASE_STRIP = NO;
				DEBUG_INFORMATION_FORMAT = dwarf;
				ENABLE_STRICT_OBJC_MSGSEND = YES;
				ENABLE_TESTABILITY = YES;
				GCC_C_LANGUAGE_STANDARD = gnu99;
				GCC_DYNAMIC_NO_PIC = NO;
				GCC_NO_COMMON_BLOCKS = YES;
				GCC_OPTIMIZATION_LEVEL = 0;
				GCC_PREPROCESSOR_DEFINITIONS = (
					"DEBUG=1",
					"$(inherited)",
				);
				GCC_WARN_64_TO_32_BIT_CONVERSION = YES;
				GCC_WARN_ABOUT_RETURN_TYPE = YES_ERROR;
				GCC_WARN_UNDECLARED_SELECTOR = YES;
				GCC_WARN_UNINITIALIZED_AUTOS = YES_AGGRESSIVE;
				GCC_WARN_UNUSED_FUNCTION = YES;
				GCC_WARN_UNUSED_VARIABLE = YES;
				IPHONEOS_DEPLOYMENT_TARGET = 10.3;
				MTL_ENABLE_DEBUG_INFO = YES;
				ONLY_ACTIVE_ARCH = YES;
				SDKROOT = iphoneos;
				SWIFT_ACTIVE_COMPILATION_CONDITIONS = DEBUG;
				SWIFT_OPTIMIZATION_LEVEL = "-Onone";
				TARGETED_DEVICE_FAMILY = "1,2";
			};
			name = Debug;
		};
		A5E7BDCE1EC4308B00C62CE0 /* Release */ = {
			isa = XCBuildConfiguration;
			buildSettings = {
				ALWAYS_SEARCH_USER_PATHS = NO;
				CLANG_ANALYZER_NONNULL = YES;
				CLANG_ANALYZER_NUMBER_OBJECT_CONVERSION = YES_AGGRESSIVE;
				CLANG_CXX_LANGUAGE_STANDARD = "gnu++0x";
				CLANG_CXX_LIBRARY = "libc++";
				CLANG_ENABLE_MODULES = YES;
				CLANG_ENABLE_OBJC_ARC = YES;
				CLANG_WARN_BOOL_CONVERSION = YES;
				CLANG_WARN_CONSTANT_CONVERSION = YES;
				CLANG_WARN_DIRECT_OBJC_ISA_USAGE = YES_ERROR;
				CLANG_WARN_DOCUMENTATION_COMMENTS = YES;
				CLANG_WARN_EMPTY_BODY = YES;
				CLANG_WARN_ENUM_CONVERSION = YES;
				CLANG_WARN_INFINITE_RECURSION = YES;
				CLANG_WARN_INT_CONVERSION = YES;
				CLANG_WARN_OBJC_ROOT_CLASS = YES_ERROR;
				CLANG_WARN_SUSPICIOUS_MOVE = YES;
				CLANG_WARN_UNREACHABLE_CODE = YES;
				CLANG_WARN__DUPLICATE_METHOD_MATCH = YES;
				"CODE_SIGN_IDENTITY[sdk=iphoneos*]" = "iPhone Developer";
				COPY_PHASE_STRIP = NO;
				DEBUG_INFORMATION_FORMAT = "dwarf-with-dsym";
				ENABLE_NS_ASSERTIONS = NO;
				ENABLE_STRICT_OBJC_MSGSEND = YES;
				GCC_C_LANGUAGE_STANDARD = gnu99;
				GCC_NO_COMMON_BLOCKS = YES;
				GCC_WARN_64_TO_32_BIT_CONVERSION = YES;
				GCC_WARN_ABOUT_RETURN_TYPE = YES_ERROR;
				GCC_WARN_UNDECLARED_SELECTOR = YES;
				GCC_WARN_UNINITIALIZED_AUTOS = YES_AGGRESSIVE;
				GCC_WARN_UNUSED_FUNCTION = YES;
				GCC_WARN_UNUSED_VARIABLE = YES;
				IPHONEOS_DEPLOYMENT_TARGET = 10.3;
				MTL_ENABLE_DEBUG_INFO = NO;
				SDKROOT = iphoneos;
				SWIFT_OPTIMIZATION_LEVEL = "-Owholemodule";
				TARGETED_DEVICE_FAMILY = "1,2";
				VALIDATE_PRODUCT = YES;
			};
			name = Release;
		};
		A5E7BDD01EC4308B00C62CE0 /* Debug */ = {
			isa = XCBuildConfiguration;
			buildSettings = {
				ASSETCATALOG_COMPILER_APPICON_NAME = AppIcon;
				DEVELOPMENT_TEAM = XKM44UF8A2;
				INFOPLIST_FILE = VirtualTourist/Info.plist;
				LD_RUNPATH_SEARCH_PATHS = "$(inherited) @executable_path/Frameworks";
				PRODUCT_BUNDLE_IDENTIFIER = com.chrisleung.VirtualTourist;
				PRODUCT_NAME = "$(TARGET_NAME)";
				SWIFT_VERSION = 3.0;
			};
			name = Debug;
		};
		A5E7BDD11EC4308B00C62CE0 /* Release */ = {
			isa = XCBuildConfiguration;
			buildSettings = {
				ASSETCATALOG_COMPILER_APPICON_NAME = AppIcon;
				DEVELOPMENT_TEAM = XKM44UF8A2;
				INFOPLIST_FILE = VirtualTourist/Info.plist;
				LD_RUNPATH_SEARCH_PATHS = "$(inherited) @executable_path/Frameworks";
				PRODUCT_BUNDLE_IDENTIFIER = com.chrisleung.VirtualTourist;
				PRODUCT_NAME = "$(TARGET_NAME)";
				SWIFT_VERSION = 3.0;
			};
			name = Release;
		};
/* End XCBuildConfiguration section */

/* Begin XCConfigurationList section */
		A5E7BDB81EC4308B00C62CE0 /* Build configuration list for PBXProject "VirtualTourist" */ = {
			isa = XCConfigurationList;
			buildConfigurations = (
				A5E7BDCD1EC4308B00C62CE0 /* Debug */,
				A5E7BDCE1EC4308B00C62CE0 /* Release */,
			);
			defaultConfigurationIsVisible = 0;
			defaultConfigurationName = Release;
		};
		A5E7BDCF1EC4308B00C62CE0 /* Build configuration list for PBXNativeTarget "VirtualTourist" */ = {
			isa = XCConfigurationList;
			buildConfigurations = (
				A5E7BDD01EC4308B00C62CE0 /* Debug */,
				A5E7BDD11EC4308B00C62CE0 /* Release */,
			);
			defaultConfigurationIsVisible = 0;
		};
/* End XCConfigurationList section */

/* Begin XCVersionGroup section */
		A5E7BDD21EC4374C00C62CE0 /* Model.xcdatamodeld */ = {
			isa = XCVersionGroup;
			children = (
				A5E7BDD31EC4374C00C62CE0 /* Model.xcdatamodel */,
			);
			currentVersion = A5E7BDD31EC4374C00C62CE0 /* Model.xcdatamodel */;
			path = Model.xcdatamodeld;
			sourceTree = "<group>";
			versionGroupType = wrapper.xcdatamodel;
		};
/* End XCVersionGroup section */
	};
	rootObject = A5E7BDB51EC4308B00C62CE0 /* Project object */;
}
